
Microsoft Visual Studio Solution File, Format Version 12.00
# Visual Studio 15
VisualStudioVersion = 15.0.27130.2027
MinimumVisualStudioVersion = 10.0.40219.1
Project("{FAE04EC0-301F-11D3-BF4B-00C04F79EFBC}") = "WcfApplicationVelib", "WcfApplicationVelib\WcfApplicationVelib.csproj", "{0C8EA0D9-A8F0-4C27-BA71-0680A1C54258}"
EndProject
Project("{FAE04EC0-301F-11D3-BF4B-00C04F79EFBC}") = "WpfApplicationGUI", "WpfApplicationGUI\WpfApplicationGUI.csproj", "{E514DACB-1F3E-4535-829F-F36F396F12FD}"
	ProjectSection(ProjectDependencies) = postProject
		{0C8EA0D9-A8F0-4C27-BA71-0680A1C54258} = {0C8EA0D9-A8F0-4C27-BA71-0680A1C54258}
	EndProjectSection
EndProject
Project("{FAE04EC0-301F-11D3-BF4B-00C04F79EFBC}") = "ConsoleApplication", "ConsoleApplication\ConsoleApplication.csproj", "{30B58BCA-1EC5-4A7D-A4BA-8AD2A2BF9D81}"
	ProjectSection(ProjectDependencies) = postProject
		{0C8EA0D9-A8F0-4C27-BA71-0680A1C54258} = {0C8EA0D9-A8F0-4C27-BA71-0680A1C54258}
	EndProjectSection
EndProject
Global
	GlobalSection(SolutionConfigurationPlatforms) = preSolution
		Debug|Any CPU = Debug|Any CPU
		Release|Any CPU = Release|Any CPU
	EndGlobalSection
	GlobalSection(ProjectConfigurationPlatforms) = postSolution
		{0C8EA0D9-A8F0-4C27-BA71-0680A1C54258}.Debug|Any CPU.ActiveCfg = Debug|Any CPU
		{0C8EA0D9-A8F0-4C27-BA71-0680A1C54258}.Debug|Any CPU.Build.0 = Debug|Any CPU
		{0C8EA0D9-A8F0-4C27-BA71-0680A1C54258}.Release|Any CPU.ActiveCfg = Release|Any CPU
		{0C8EA0D9-A8F0-4C27-BA71-0680A1C54258}.Release|Any CPU.Build.0 = Release|Any CPU
		{E514DACB-1F3E-4535-829F-F36F396F12FD}.Debug|Any CPU.ActiveCfg = Debug|Any CPU
		{E514DACB-1F3E-4535-829F-F36F396F12FD}.Debug|Any CPU.Build.0 = Debug|Any CPU
		{E514DACB-1F3E-4535-829F-F36F396F12FD}.Release|Any CPU.ActiveCfg = Release|Any CPU
		{E514DACB-1F3E-4535-829F-F36F396F12FD}.Release|Any CPU.Build.0 = Release|Any CPU
		{30B58BCA-1EC5-4A7D-A4BA-8AD2A2BF9D81}.Debug|Any CPU.ActiveCfg = Debug|Any CPU
		{30B58BCA-1EC5-4A7D-A4BA-8AD2A2BF9D81}.Debug|Any CPU.Build.0 = Debug|Any CPU
		{30B58BCA-1EC5-4A7D-A4BA-8AD2A2BF9D81}.Release|Any CPU.ActiveCfg = Release|Any CPU
		{30B58BCA-1EC5-4A7D-A4BA-8AD2A2BF9D81}.Release|Any CPU.Build.0 = Release|Any CPU
	EndGlobalSection
	GlobalSection(SolutionProperties) = preSolution
		HideSolutionNode = FALSE
	EndGlobalSection
	GlobalSection(ExtensibilityGlobals) = postSolution
		SolutionGuid = {9D19CC25-B6C3-445E-91AF-984D4895B111}
	EndGlobalSection
EndGlobal
